{
  "name": "hw",
  "version": "1.0.0",
  "lockfileVersion": 2,
  "requires": true,
  "packages": {
    "": {
      "name": "hw",
      "version": "1.0.0",
      "license": "ISC",
      "dependencies": {
        "@larchanka/colors-js": "^1.0.1",
        "sound-play": "^1.1.0"
      }
    },
    "node_modules/@larchanka/colors-js": {
      "version": "1.0.1",
      "resolved": "https://registry.npmjs.org/@larchanka/colors-js/-/colors-js-1.0.1.tgz",
      "integrity": "sha512-V5zFScL4QgpzmoBxnXBxFEfB1DZyESgZLLdvZDSjfav4sYnPqUOysH8CD9ibDJt7rScp/pRmoRjBFZ0S8wqgIA=="
    },
    "node_modules/sound-play": {
      "version": "1.1.0",
      "resolved": "https://registry.npmjs.org/sound-play/-/sound-play-1.1.0.tgz",
      "integrity": "sha512-Bd/L0AoCwITFeOnpNLMsfPXrV5GG5NhrC/T6odveahYbhPZkdTnrFXRia9FCC5WBWdUTw1d+yvLBvi4wnD1xOA=="
    }
  },
  "dependencies": {
    "@larchanka/colors-js": {
      "version": "1.0.1",
      "resolved": "https://registry.npmjs.org/@larchanka/colors-js/-/colors-js-1.0.1.tgz",
      "integrity": "sha512-V5zFScL4QgpzmoBxnXBxFEfB1DZyESgZLLdvZDSjfav4sYnPqUOysH8CD9ibDJt7rScp/pRmoRjBFZ0S8wqgIA=="
    },
    "sound-play": {
      "version": "1.1.0",
      "resolved": "https://registry.npmjs.org/sound-play/-/sound-play-1.1.0.tgz",
      "integrity": "sha512-Bd/L0AoCwITFeOnpNLMsfPXrV5GG5NhrC/T6odveahYbhPZkdTnrFXRia9FCC5WBWdUTw1d+yvLBvi4wnD1xOA=="
    }
  }
}
